
Microsoft Visual Studio Solution File, Format Version 12.00
# Visual Studio Version 17
VisualStudioVersion = 17.9.34714.143
MinimumVisualStudioVersion = 10.0.40219.1
Project("{9A19103F-16F7-4668-BE54-9A1E7A4F7556}") = "lookout", "lookout\lookout.csproj", "{8B38CD9F-023F-440A-99D8-04A110B47128}"
EndProject
Project("{FAE04EC0-301F-11D3-BF4B-00C04F79EFBC}") = "lookout.Tests", "lookout.Tests\lookout.Tests.csproj", "{E2356FCA-9D1E-40BA-92BA-CDEF9D556401}"
EndProject
Global
	GlobalSection(SolutionConfigurationPlatforms) = preSolution
		Debug|Any CPU = Debug|Any CPU
		Debug|ARM32 = Debug|ARM32
		Debug|ARM64 = Debug|ARM64
		Debug|x64 = Debug|x64
		Debug|x86 = Debug|x86
		Release|Any CPU = Release|Any CPU
		Release|ARM32 = Release|ARM32
		Release|ARM64 = Release|ARM64
		Release|x64 = Release|x64
		Release|x86 = Release|x86
	EndGlobalSection
	GlobalSection(ProjectConfigurationPlatforms) = postSolution
		{8B38CD9F-023F-440A-99D8-04A110B47128}.Debug|Any CPU.ActiveCfg = Debug|Any CPU
		{8B38CD9F-023F-440A-99D8-04A110B47128}.Debug|Any CPU.Build.0 = Debug|Any CPU
		{8B38CD9F-023F-440A-99D8-04A110B47128}.Debug|ARM32.ActiveCfg = Debug|ARM32
		{8B38CD9F-023F-440A-99D8-04A110B47128}.Debug|ARM32.Build.0 = Debug|ARM32
		{8B38CD9F-023F-440A-99D8-04A110B47128}.Debug|ARM64.ActiveCfg = Debug|ARM64
		{8B38CD9F-023F-440A-99D8-04A110B47128}.Debug|ARM64.Build.0 = Debug|ARM64
		{8B38CD9F-023F-440A-99D8-04A110B47128}.Debug|x64.ActiveCfg = Debug|Any CPU
		{8B38CD9F-023F-440A-99D8-04A110B47128}.Debug|x64.Build.0 = Debug|Any CPU
		{8B38CD9F-023F-440A-99D8-04A110B47128}.Debug|x86.ActiveCfg = Debug|Any CPU
		{8B38CD9F-023F-440A-99D8-04A110B47128}.Debug|x86.Build.0 = Debug|Any CPU
		{8B38CD9F-023F-440A-99D8-04A110B47128}.Release|Any CPU.ActiveCfg = Release|Any CPU
		{8B38CD9F-023F-440A-99D8-04A110B47128}.Release|Any CPU.Build.0 = Release|Any CPU
		{8B38CD9F-023F-440A-99D8-04A110B47128}.Release|ARM32.ActiveCfg = Release|ARM32
		{8B38CD9F-023F-440A-99D8-04A110B47128}.Release|ARM32.Build.0 = Release|ARM32
		{8B38CD9F-023F-440A-99D8-04A110B47128}.Release|ARM64.ActiveCfg = Release|ARM64
		{8B38CD9F-023F-440A-99D8-04A110B47128}.Release|ARM64.Build.0 = Release|ARM64
		{8B38CD9F-023F-440A-99D8-04A110B47128}.Release|x64.ActiveCfg = Release|Any CPU
		{8B38CD9F-023F-440A-99D8-04A110B47128}.Release|x64.Build.0 = Release|Any CPU
		{8B38CD9F-023F-440A-99D8-04A110B47128}.Release|x86.ActiveCfg = Release|Any CPU
		{8B38CD9F-023F-440A-99D8-04A110B47128}.Release|x86.Build.0 = Release|Any CPU
		{E2356FCA-9D1E-40BA-92BA-CDEF9D556401}.Debug|Any CPU.ActiveCfg = Debug|Any CPU
		{E2356FCA-9D1E-40BA-92BA-CDEF9D556401}.Debug|Any CPU.Build.0 = Debug|Any CPU
		{E2356FCA-9D1E-40BA-92BA-CDEF9D556401}.Debug|ARM32.ActiveCfg = Debug|ARM32
		{E2356FCA-9D1E-40BA-92BA-CDEF9D556401}.Debug|ARM32.Build.0 = Debug|ARM32
		{E2356FCA-9D1E-40BA-92BA-CDEF9D556401}.Debug|ARM64.ActiveCfg = Debug|ARM64
		{E2356FCA-9D1E-40BA-92BA-CDEF9D556401}.Debug|ARM64.Build.0 = Debug|ARM64
		{E2356FCA-9D1E-40BA-92BA-CDEF9D556401}.Debug|x64.ActiveCfg = Debug|Any CPU
		{E2356FCA-9D1E-40BA-92BA-CDEF9D556401}.Debug|x64.Build.0 = Debug|Any CPU
		{E2356FCA-9D1E-40BA-92BA-CDEF9D556401}.Debug|x86.ActiveCfg = Debug|Any CPU
		{E2356FCA-9D1E-40BA-92BA-CDEF9D556401}.Debug|x86.Build.0 = Debug|Any CPU
		{E2356FCA-9D1E-40BA-92BA-CDEF9D556401}.Release|Any CPU.ActiveCfg = Release|Any CPU
		{E2356FCA-9D1E-40BA-92BA-CDEF9D556401}.Release|Any CPU.Build.0 = Release|Any CPU
		{E2356FCA-9D1E-40BA-92BA-CDEF9D556401}.Release|ARM32.ActiveCfg = Release|ARM32
		{E2356FCA-9D1E-40BA-92BA-CDEF9D556401}.Release|ARM32.Build.0 = Release|ARM32
		{E2356FCA-9D1E-40BA-92BA-CDEF9D556401}.Release|ARM64.ActiveCfg = Release|ARM64
		{E2356FCA-9D1E-40BA-92BA-CDEF9D556401}.Release|ARM64.Build.0 = Release|ARM64
		{E2356FCA-9D1E-40BA-92BA-CDEF9D556401}.Release|x64.ActiveCfg = Release|Any CPU
		{E2356FCA-9D1E-40BA-92BA-CDEF9D556401}.Release|x64.Build.0 = Release|Any CPU
		{E2356FCA-9D1E-40BA-92BA-CDEF9D556401}.Release|x86.ActiveCfg = Release|Any CPU
		{E2356FCA-9D1E-40BA-92BA-CDEF9D556401}.Release|x86.Build.0 = Release|Any CPU
	EndGlobalSection
	GlobalSection(SolutionProperties) = preSolution
		HideSolutionNode = FALSE
	EndGlobalSection
	GlobalSection(ExtensibilityGlobals) = postSolution
		SolutionGuid = {E6310A0A-13F8-4CCE-8A1F-DB8091EB84F5}
	EndGlobalSection
EndGlobal
